// !$*UTF8*$!
{
	archiveVersion = 1;
	classes = {
	};
	objectVersion = 56;
	objects = {

/* Begin PBXBuildFile section */
		7F5428622A01871A00C6145C /* CodeInterpreterApp.swift in Sources */ = {isa = PBXBuildFile; fileRef = 7F5428612A01871A00C6145C /* CodeInterpreterApp.swift */; };
		7F5428642A01871A00C6145C /* ContentView.swift in Sources */ = {isa = PBXBuildFile; fileRef = 7F5428632A01871A00C6145C /* ContentView.swift */; };
		7F5428662A01871B00C6145C /* Assets.xcassets in Resources */ = {isa = PBXBuildFile; fileRef = 7F5428652A01871B00C6145C /* Assets.xcassets */; };
		7F5428692A01871B00C6145C /* Preview Assets.xcassets in Resources */ = {isa = PBXBuildFile; fileRef = 7F5428682A01871B00C6145C /* Preview Assets.xcassets */; };
		7F5428732A01871C00C6145C /* CodeInterpreterTests.swift in Sources */ = {isa = PBXBuildFile; fileRef = 7F5428722A01871C00C6145C /* CodeInterpreterTests.swift */; };
		7F54287D2A01871C00C6145C /* CodeInterpreterUITests.swift in Sources */ = {isa = PBXBuildFile; fileRef = 7F54287C2A01871C00C6145C /* CodeInterpreterUITests.swift */; };
		7F54287F2A01871C00C6145C /* CodeInterpreterUITestsLaunchTests.swift in Sources */ = {isa = PBXBuildFile; fileRef = 7F54287E2A01871C00C6145C /* CodeInterpreterUITestsLaunchTests.swift */; };
/* End PBXBuildFile section */

/* Begin PBXContainerItemProxy section */
		7F54286F2A01871C00C6145C /* PBXContainerItemProxy */ = {
			isa = PBXContainerItemProxy;
			containerPortal = 7F5428562A01871900C6145C /* Project object */;
			proxyType = 1;
			remoteGlobalIDString = 7F54285D2A01871900C6145C;
			remoteInfo = CodeInterpreter;
		};
		7F5428792A01871C00C6145C /* PBXContainerItemProxy */ = {
			isa = PBXContainerItemProxy;
			containerPortal = 7F5428562A01871900C6145C /* Project object */;
			proxyType = 1;
			remoteGlobalIDString = 7F54285D2A01871900C6145C;
			remoteInfo = CodeInterpreter;
		};
/* End PBXContainerItemProxy section */

/* Begin PBXFileReference section */
		7F54285E2A01871A00C6145C /* CodeInterpreter.app */ = {isa = PBXFileReference; explicitFileType = wrapper.application; includeInIndex = 0; path = CodeInterpreter.app; sourceTree = BUILT_PRODUCTS_DIR; };
		7F5428612A01871A00C6145C /* CodeInterpreterApp.swift */ = {isa = PBXFileReference; lastKnownFileType = sourcecode.swift; path = CodeInterpreterApp.swift; sourceTree = "<group>"; };
		7F5428632A01871A00C6145C /* ContentView.swift */ = {isa = PBXFileReference; lastKnownFileType = sourcecode.swift; path = ContentView.swift; sourceTree = "<group>"; };
		7F5428652A01871B00C6145C /* Assets.xcassets */ = {isa = PBXFileReference; lastKnownFileType = folder.assetcatalog; path = Assets.xcassets; sourceTree = "<group>"; };
		7F5428682A01871B00C6145C /* Preview Assets.xcassets */ = {isa = PBXFileReference; lastKnownFileType = folder.assetcatalog; path = "Preview Assets.xcassets"; sourceTree = "<group>"; };
		7F54286E2A01871C00C6145C /* CodeInterpreterTests.xctest */ = {isa = PBXFileReference; explicitFileType = wrapper.cfbundle; includeInIndex = 0; path = CodeInterpreterTests.xctest; sourceTree = BUILT_PRODUCTS_DIR; };
		7F5428722A01871C00C6145C /* CodeInterpreterTests.swift */ = {isa = PBXFileReference; lastKnownFileType = sourcecode.swift; path = CodeInterpreterTests.swift; sourceTree = "<group>"; };
		7F5428782A01871C00C6145C /* CodeInterpreterUITests.xctest */ = {isa = PBXFileReference; explicitFileType = wrapper.cfbundle; includeInIndex = 0; path = CodeInterpreterUITests.xctest; sourceTree = BUILT_PRODUCTS_DIR; };
		7F54287C2A01871C00C6145C /* CodeInterpreterUITests.swift */ = {isa = PBXFileReference; lastKnownFileType = sourcecode.swift; path = CodeInterpreterUITests.swift; sourceTree = "<group>"; };
		7F54287E2A01871C00C6145C /* CodeInterpreterUITestsLaunchTests.swift */ = {isa = PBXFileReference; lastKnownFileType = sourcecode.swift; path = CodeInterpreterUITestsLaunchTests.swift; sourceTree = "<group>"; };
/* End PBXFileReference section */

/* Begin PBXFrameworksBuildPhase section */
		7F54285B2A01871900C6145C /* Frameworks */ = {
			isa = PBXFrameworksBuildPhase;
			buildActionMask = 2147483647;
			files = (
			);
			runOnlyForDeploymentPostprocessing = 0;
		};
		7F54286B2A01871C00C6145C /* Frameworks */ = {
			isa = PBXFrameworksBuildPhase;
			buildActionMask = 2147483647;
			files = (
			);
			runOnlyForDeploymentPostprocessing = 0;
		};
		7F5428752A01871C00C6145C /* Frameworks */ = {
			isa = PBXFrameworksBuildPhase;
			buildActionMask = 2147483647;
			files = (
			);
			runOnlyForDeploymentPostprocessing = 0;
		};
/* End PBXFrameworksBuildPhase section */

/* Begin PBXGroup section */
		7F5428552A01871900C6145C = {
			isa = PBXGroup;
			children = (
				7F5428602A01871A00C6145C /* CodeInterpreter */,
				7F5428712A01871C00C6145C /* CodeInterpreterTests */,
				7F54287B2A01871C00C6145C /* CodeInterpreterUITests */,
				7F54285F2A01871A00C6145C /* Products */,
			);
			sourceTree = "<group>";
		};
		7F54285F2A01871A00C6145C /* Products */ = {
			isa = PBXGroup;
			children = (
				7F54285E2A01871A00C6145C /* CodeInterpreter.app */,
				7F54286E2A01871C00C6145C /* CodeInterpreterTests.xctest */,
				7F5428782A01871C00C6145C /* CodeInterpreterUITests.xctest */,
			);
			name = Products;
			sourceTree = "<group>";
		};
		7F5428602A01871A00C6145C /* CodeInterpreter */ = {
			isa = PBXGroup;
			children = (
				7F5428612A01871A00C6145C /* CodeInterpreterApp.swift */,
				7F5428632A01871A00C6145C /* ContentView.swift */,
				7F5428652A01871B00C6145C /* Assets.xcassets */,
				7F5428672A01871B00C6145C /* Preview Content */,
			);
			path = CodeInterpreter;
			sourceTree = "<group>";
		};
		7F5428672A01871B00C6145C /* Preview Content */ = {
			isa = PBXGroup;
			children = (
				7F5428682A01871B00C6145C /* Preview Assets.xcassets */,
			);
			path = "Preview Content";
			sourceTree = "<group>";
		};
		7F5428712A01871C00C6145C /* CodeInterpreterTests */ = {
			isa = PBXGroup;
			children = (
				7F5428722A01871C00C6145C /* CodeInterpreterTests.swift */,
			);
			path = CodeInterpreterTests;
			sourceTree = "<group>";
		};
		7F54287B2A01871C00C6145C /* CodeInterpreterUITests */ = {
			isa = PBXGroup;
			children = (
				7F54287C2A01871C00C6145C /* CodeInterpreterUITests.swift */,
				7F54287E2A01871C00C6145C /* CodeInterpreterUITestsLaunchTests.swift */,
			);
			path = CodeInterpreterUITests;
			sourceTree = "<group>";
		};
/* End PBXGroup section */

/* Begin PBXNativeTarget section */
		7F54285D2A01871900C6145C /* CodeInterpreter */ = {
			isa = PBXNativeTarget;
			buildConfigurationList = 7F5428822A01871C00C6145C /* Build configuration list for PBXNativeTarget "CodeInterpreter" */;
			buildPhases = (
				7F54285A2A01871900C6145C /* Sources */,
				7F54285B2A01871900C6145C /* Frameworks */,
				7F54285C2A01871900C6145C /* Resources */,
			);
			buildRules = (
			);
			dependencies = (
			);
			name = CodeInterpreter;
			productName = CodeInterpreter;
			productReference = 7F54285E2A01871A00C6145C /* CodeInterpreter.app */;
			productType = "com.apple.product-type.application";
		};
		7F54286D2A01871C00C6145C /* CodeInterpreterTests */ = {
			isa = PBXNativeTarget;
			buildConfigurationList = 7F5428852A01871C00C6145C /* Build configuration list for PBXNativeTarget "CodeInterpreterTests" */;
			buildPhases = (
				7F54286A2A01871C00C6145C /* Sources */,
				7F54286B2A01871C00C6145C /* Frameworks */,
				7F54286C2A01871C00C6145C /* Resources */,
			);
			buildRules = (
			);
			dependencies = (
				7F5428702A01871C00C6145C /* PBXTargetDependency */,
			);
			name = CodeInterpreterTests;
			productName = CodeInterpreterTests;
			productReference = 7F54286E2A01871C00C6145C /* CodeInterpreterTests.xctest */;
			productType = "com.apple.product-type.bundle.unit-test";
		};
		7F5428772A01871C00C6145C /* CodeInterpreterUITests */ = {
			isa = PBXNativeTarget;
			buildConfigurationList = 7F5428882A01871C00C6145C /* Build configuration list for PBXNativeTarget "CodeInterpreterUITests" */;
			buildPhases = (
				7F5428742A01871C00C6145C /* Sources */,
				7F5428752A01871C00C6145C /* Frameworks */,
				7F5428762A01871C00C6145C /* Resources */,
			);
			buildRules = (
			);
			dependencies = (
				7F54287A2A01871C00C6145C /* PBXTargetDependency */,
			);
			name = CodeInterpreterUITests;
			productName = CodeInterpreterUITests;
			productReference = 7F5428782A01871C00C6145C /* CodeInterpreterUITests.xctest */;
			productType = "com.apple.product-type.bundle.ui-testing";
		};
/* End PBXNativeTarget section */

/* Begin PBXProject section */
		7F5428562A01871900C6145C /* Project object */ = {
			isa = PBXProject;
			attributes = {
				BuildIndependentTargetsInParallel = 1;
				LastSwiftUpdateCheck = 1430;
				LastUpgradeCheck = 1430;
				TargetAttributes = {
					7F54285D2A01871900C6145C = {
						CreatedOnToolsVersion = 14.3;
					};
					7F54286D2A01871C00C6145C = {
						CreatedOnToolsVersion = 14.3;
						TestTargetID = 7F54285D2A01871900C6145C;
					};
					7F5428772A01871C00C6145C = {
						CreatedOnToolsVersion = 14.3;
						TestTargetID = 7F54285D2A01871900C6145C;
					};
				};
			};
			buildConfigurationList = 7F5428592A01871900C6145C /* Build configuration list for PBXProject "CodeInterpreter" */;
			compatibilityVersion = "Xcode 14.0";
			developmentRegion = en;
			hasScannedForEncodings = 0;
			knownRegions = (
				en,
				Base,
			);
			mainGroup = 7F5428552A01871900C6145C;
			productRefGroup = 7F54285F2A01871A00C6145C /* Products */;
			projectDirPath = "";
			projectRoot = "";
			targets = (
				7F54285D2A01871900C6145C /* CodeInterpreter */,
				7F54286D2A01871C00C6145C /* CodeInterpreterTests */,
				7F5428772A01871C00C6145C /* CodeInterpreterUITests */,
			);
		};
/* End PBXProject section */

/* Begin PBXResourcesBuildPhase section */
		7F54285C2A01871900C6145C /* Resources */ = {
			isa = PBXResourcesBuildPhase;
			buildActionMask = 2147483647;
			files = (
				7F5428692A01871B00C6145C /* Preview Assets.xcassets in Resources */,
				7F5428662A01871B00C6145C /* Assets.xcassets in Resources */,
			);
			runOnlyForDeploymentPostprocessing = 0;
		};
		7F54286C2A01871C00C6145C /* Resources */ = {
			isa = PBXResourcesBuildPhase;
			buildActionMask = 2147483647;
			files = (
			);
			runOnlyForDeploymentPostprocessing = 0;
		};
		7F5428762A01871C00C6145C /* Resources */ = {
			isa = PBXResourcesBuildPhase;
			buildActionMask = 2147483647;
			files = (
			);
			runOnlyForDeploymentPostprocessing = 0;
		};
/* End PBXResourcesBuildPhase section */

/* Begin PBXSourcesBuildPhase section */
		7F54285A2A01871900C6145C /* Sources */ = {
			isa = PBXSourcesBuildPhase;
			buildActionMask = 2147483647;
			files = (
				7F5428642A01871A00C6145C /* ContentView.swift in Sources */,
				7F5428622A01871A00C6145C /* CodeInterpreterApp.swift in Sources */,
			);
			runOnlyForDeploymentPostprocessing = 0;
		};
		7F54286A2A01871C00C6145C /* Sources */ = {
			isa = PBXSourcesBuildPhase;
			buildActionMask = 2147483647;
			files = (
				7F5428732A01871C00C6145C /* CodeInterpreterTests.swift in Sources */,
			);
			runOnlyForDeploymentPostprocessing = 0;
		};
		7F5428742A01871C00C6145C /* Sources */ = {
			isa = PBXSourcesBuildPhase;
			buildActionMask = 2147483647;
			files = (
				7F54287F2A01871C00C6145C /* CodeInterpreterUITestsLaunchTests.swift in Sources */,
				7F54287D2A01871C00C6145C /* CodeInterpreterUITests.swift in Sources */,
			);
			runOnlyForDeploymentPostprocessing = 0;
		};
/* End PBXSourcesBuildPhase section */

/* Begin PBXTargetDependency section */
		7F5428702A01871C00C6145C /* PBXTargetDependency */ = {
			isa = PBXTargetDependency;
			target = 7F54285D2A01871900C6145C /* CodeInterpreter */;
			targetProxy = 7F54286F2A01871C00C6145C /* PBXContainerItemProxy */;
		};
		7F54287A2A01871C00C6145C /* PBXTargetDependency */ = {
			isa = PBXTargetDependency;
			target = 7F54285D2A01871900C6145C /* CodeInterpreter */;
			targetProxy = 7F5428792A01871C00C6145C /* PBXContainerItemProxy */;
		};
/* End PBXTargetDependency section */

/* Begin XCBuildConfiguration section */
		7F5428802A01871C00C6145C /* Debug */ = {
			isa = XCBuildConfiguration;
			buildSettings = {
				ALWAYS_SEARCH_USER_PATHS = NO;
				CLANG_ANALYZER_NONNULL = YES;
				CLANG_ANALYZER_NUMBER_OBJECT_CONVERSION = YES_AGGRESSIVE;
				CLANG_CXX_LANGUAGE_STANDARD = "gnu++20";
				CLANG_ENABLE_MODULES = YES;
				CLANG_ENABLE_OBJC_ARC = YES;
				CLANG_ENABLE_OBJC_WEAK = YES;
				CLANG_WARN_BLOCK_CAPTURE_AUTORELEASING = YES;
				CLANG_WARN_BOOL_CONVERSION = YES;
				CLANG_WARN_COMMA = YES;
				CLANG_WARN_CONSTANT_CONVERSION = YES;
				CLANG_WARN_DEPRECATED_OBJC_IMPLEMENTATIONS = YES;
				CLANG_WARN_DIRECT_OBJC_ISA_USAGE = YES_ERROR;
				CLANG_WARN_DOCUMENTATION_COMMENTS = YES;
				CLANG_WARN_EMPTY_BODY = YES;
				CLANG_WARN_ENUM_CONVERSION = YES;
				CLANG_WARN_INFINITE_RECURSION = YES;
				CLANG_WARN_INT_CONVERSION = YES;
				CLANG_WARN_NON_LITERAL_NULL_CONVERSION = YES;
				CLANG_WARN_OBJC_IMPLICIT_RETAIN_SELF = YES;
				CLANG_WARN_OBJC_LITERAL_CONVERSION = YES;
				CLANG_WARN_OBJC_ROOT_CLASS = YES_ERROR;
				CLANG_WARN_QUOTED_INCLUDE_IN_FRAMEWORK_HEADER = YES;
				CLANG_WARN_RANGE_LOOP_ANALYSIS = YES;
				CLANG_WARN_STRICT_PROTOTYPES = YES;
				CLANG_WARN_SUSPICIOUS_MOVE = YES;
				CLANG_WARN_UNGUARDED_AVAILABILITY = YES_AGGRESSIVE;
				CLANG_WARN_UNREACHABLE_CODE = YES;
				CLANG_WARN__DUPLICATE_METHOD_MATCH = YES;
				COPY_PHASE_STRIP = NO;
				DEBUG_INFORMATION_FORMAT = dwarf;
				ENABLE_STRICT_OBJC_MSGSEND = YES;
				ENABLE_TESTABILITY = YES;
				GCC_C_LANGUAGE_STANDARD = gnu11;
				GCC_DYNAMIC_NO_PIC = NO;
				GCC_NO_COMMON_BLOCKS = YES;
				GCC_OPTIMIZATION_LEVEL = 0;
				GCC_PREPROCESSOR_DEFINITIONS = (
					"DEBUG=1",
					"$(inherited)",
				);
				GCC_WARN_64_TO_32_BIT_CONVERSION = YES;
				GCC_WARN_ABOUT_RETURN_TYPE = YES_ERROR;
				GCC_WARN_UNDECLARED_SELECTOR = YES;
				GCC_WARN_UNINITIALIZED_AUTOS = YES_AGGRESSIVE;
				GCC_WARN_UNUSED_FUNCTION = YES;
				GCC_WARN_UNUSED_VARIABLE = YES;
				IPHONEOS_DEPLOYMENT_TARGET = 16.4;
				MTL_ENABLE_DEBUG_INFO = INCLUDE_SOURCE;
				MTL_FAST_MATH = YES;
				ONLY_ACTIVE_ARCH = YES;
				SDKROOT = iphoneos;
				SWIFT_ACTIVE_COMPILATION_CONDITIONS = DEBUG;
				SWIFT_OPTIMIZATION_LEVEL = "-Onone";
			};
			name = Debug;
		};
		7F5428812A01871C00C6145C /* Release */ = {
			isa = XCBuildConfiguration;
			buildSettings = {
				ALWAYS_SEARCH_USER_PATHS = NO;
				CLANG_ANALYZER_NONNULL = YES;
				CLANG_ANALYZER_NUMBER_OBJECT_CONVERSION = YES_AGGRESSIVE;
				CLANG_CXX_LANGUAGE_STANDARD = "gnu++20";
				CLANG_ENABLE_MODULES = YES;
				CLANG_ENABLE_OBJC_ARC = YES;
				CLANG_ENABLE_OBJC_WEAK = YES;
				CLANG_WARN_BLOCK_CAPTURE_AUTORELEASING = YES;
				CLANG_WARN_BOOL_CONVERSION = YES;
				CLANG_WARN_COMMA = YES;
				CLANG_WARN_CONSTANT_CONVERSION = YES;
				CLANG_WARN_DEPRECATED_OBJC_IMPLEMENTATIONS = YES;
				CLANG_WARN_DIRECT_OBJC_ISA_USAGE = YES_ERROR;
				CLANG_WARN_DOCUMENTATION_COMMENTS = YES;
				CLANG_WARN_EMPTY_BODY = YES;
				CLANG_WARN_ENUM_CONVERSION = YES;
				CLANG_WARN_INFINITE_RECURSION = YES;
				CLANG_WARN_INT_CONVERSION = YES;
				CLANG_WARN_NON_LITERAL_NULL_CONVERSION = YES;
				CLANG_WARN_OBJC_IMPLICIT_RETAIN_SELF = YES;
				CLANG_WARN_OBJC_LITERAL_CONVERSION = YES;
				CLANG_WARN_OBJC_ROOT_CLASS = YES_ERROR;
				CLANG_WARN_QUOTED_INCLUDE_IN_FRAMEWORK_HEADER = YES;
				CLANG_WARN_RANGE_LOOP_ANALYSIS = YES;
				CLANG_WARN_STRICT_PROTOTYPES = YES;
				CLANG_WARN_SUSPICIOUS_MOVE = YES;
				CLANG_WARN_UNGUARDED_AVAILABILITY = YES_AGGRESSIVE;
				CLANG_WARN_UNREACHABLE_CODE = YES;
				CLANG_WARN__DUPLICATE_METHOD_MATCH = YES;
				COPY_PHASE_STRIP = NO;
				DEBUG_INFORMATION_FORMAT = "dwarf-with-dsym";
				ENABLE_NS_ASSERTIONS = NO;
				ENABLE_STRICT_OBJC_MSGSEND = YES;
				GCC_C_LANGUAGE_STANDARD = gnu11;
				GCC_NO_COMMON_BLOCKS = YES;
				GCC_WARN_64_TO_32_BIT_CONVERSION = YES;
				GCC_WARN_ABOUT_RETURN_TYPE = YES_ERROR;
				GCC_WARN_UNDECLARED_SELECTOR = YES;
				GCC_WARN_UNINITIALIZED_AUTOS = YES_AGGRESSIVE;
				GCC_WARN_UNUSED_FUNCTION = YES;
				GCC_WARN_UNUSED_VARIABLE = YES;
				IPHONEOS_DEPLOYMENT_TARGET = 16.4;
				MTL_ENABLE_DEBUG_INFO = NO;
				MTL_FAST_MATH = YES;
				SDKROOT = iphoneos;
				SWIFT_COMPILATION_MODE = wholemodule;
				SWIFT_OPTIMIZATION_LEVEL = "-O";
				VALIDATE_PRODUCT = YES;
			};
			name = Release;
		};
		7F5428832A01871C00C6145C /* Debug */ = {
			isa = XCBuildConfiguration;
			buildSettings = {
				ASSETCATALOG_COMPILER_APPICON_NAME = AppIcon;
				ASSETCATALOG_COMPILER_GLOBAL_ACCENT_COLOR_NAME = AccentColor;
				CODE_SIGN_STYLE = Automatic;
				CURRENT_PROJECT_VERSION = 1;
				DEVELOPMENT_ASSET_PATHS = "\"CodeInterpreter/Preview Content\"";
				ENABLE_PREVIEWS = YES;
				GENERATE_INFOPLIST_FILE = YES;
				INFOPLIST_KEY_UIApplicationSceneManifest_Generation = YES;
				INFOPLIST_KEY_UIApplicationSupportsIndirectInputEvents = YES;
				INFOPLIST_KEY_UILaunchScreen_Generation = YES;
				INFOPLIST_KEY_UISupportedInterfaceOrientations_iPad = "UIInterfaceOrientationPortrait UIInterfaceOrientationPortraitUpsideDown UIInterfaceOrientationLandscapeLeft UIInterfaceOrientationLandscapeRight";
				INFOPLIST_KEY_UISupportedInterfaceOrientations_iPhone = "UIInterfaceOrientationPortrait UIInterfaceOrientationLandscapeLeft UIInterfaceOrientationLandscapeRight";
				LD_RUNPATH_SEARCH_PATHS = (
					"$(inherited)",
					"@executable_path/Frameworks",
				);
				MARKETING_VERSION = 1.0;
				PRODUCT_BUNDLE_IDENTIFIER = edu.self.CodeInterpreter;
				PRODUCT_NAME = "$(TARGET_NAME)";
				SWIFT_EMIT_LOC_STRINGS = YES;
				SWIFT_VERSION = 5.0;
				TARGETED_DEVICE_FAMILY = "1,2";
			};
			name = Debug;
		};
		7F5428842A01871C00C6145C /* Release */ = {
			isa = XCBuildConfiguration;
			buildSettings = {
				ASSETCATALOG_COMPILER_APPICON_NAME = AppIcon;
				ASSETCATALOG_COMPILER_GLOBAL_ACCENT_COLOR_NAME = AccentColor;
				CODE_SIGN_STYLE = Automatic;
				CURRENT_PROJECT_VERSION = 1;
				DEVELOPMENT_ASSET_PATHS = "\"CodeInterpreter/Preview Content\"";
				ENABLE_PREVIEWS = YES;
				GENERATE_INFOPLIST_FILE = YES;
				INFOPLIST_KEY_UIApplicationSceneManifest_Generation = YES;
				INFOPLIST_KEY_UIApplicationSupportsIndirectInputEvents = YES;
				INFOPLIST_KEY_UILaunchScreen_Generation = YES;
				INFOPLIST_KEY_UISupportedInterfaceOrientations_iPad = "UIInterfaceOrientationPortrait UIInterfaceOrientationPortraitUpsideDown UIInterfaceOrientationLandscapeLeft UIInterfaceOrientationLandscapeRight";
				INFOPLIST_KEY_UISupportedInterfaceOrientations_iPhone = "UIInterfaceOrientationPortrait UIInterfaceOrientationLandscapeLeft UIInterfaceOrientationLandscapeRight";
				LD_RUNPATH_SEARCH_PATHS = (
					"$(inherited)",
					"@executable_path/Frameworks",
				);
				MARKETING_VERSION = 1.0;
				PRODUCT_BUNDLE_IDENTIFIER = edu.self.CodeInterpreter;
				PRODUCT_NAME = "$(TARGET_NAME)";
				SWIFT_EMIT_LOC_STRINGS = YES;
				SWIFT_VERSION = 5.0;
				TARGETED_DEVICE_FAMILY = "1,2";
			};
			name = Release;
		};
		7F5428862A01871C00C6145C /* Debug */ = {
			isa = XCBuildConfiguration;
			buildSettings = {
				ALWAYS_EMBED_SWIFT_STANDARD_LIBRARIES = YES;
				BUNDLE_LOADER = "$(TEST_HOST)";
				CODE_SIGN_STYLE = Automatic;
				CURRENT_PROJECT_VERSION = 1;
				GENERATE_INFOPLIST_FILE = YES;
				IPHONEOS_DEPLOYMENT_TARGET = 16.4;
				MARKETING_VERSION = 1.0;
				PRODUCT_BUNDLE_IDENTIFIER = edu.self.CodeInterpreterTests;
				PRODUCT_NAME = "$(TARGET_NAME)";
				SWIFT_EMIT_LOC_STRINGS = NO;
				SWIFT_VERSION = 5.0;
				TARGETED_DEVICE_FAMILY = "1,2";
				TEST_HOST = "$(BUILT_PRODUCTS_DIR)/CodeInterpreter.app/$(BUNDLE_EXECUTABLE_FOLDER_PATH)/CodeInterpreter";
			};
			name = Debug;
		};
		7F5428872A01871C00C6145C /* Release */ = {
			isa = XCBuildConfiguration;
			buildSettings = {
				ALWAYS_EMBED_SWIFT_STANDARD_LIBRARIES = YES;
				BUNDLE_LOADER = "$(TEST_HOST)";
				CODE_SIGN_STYLE = Automatic;
				CURRENT_PROJECT_VERSION = 1;
				GENERATE_INFOPLIST_FILE = YES;
				IPHONEOS_DEPLOYMENT_TARGET = 16.4;
				MARKETING_VERSION = 1.0;
				PRODUCT_BUNDLE_IDENTIFIER = edu.self.CodeInterpreterTests;
				PRODUCT_NAME = "$(TARGET_NAME)";
				SWIFT_EMIT_LOC_STRINGS = NO;
				SWIFT_VERSION = 5.0;
				TARGETED_DEVICE_FAMILY = "1,2";
				TEST_HOST = "$(BUILT_PRODUCTS_DIR)/CodeInterpreter.app/$(BUNDLE_EXECUTABLE_FOLDER_PATH)/CodeInterpreter";
			};
			name = Release;
		};
		7F5428892A01871C00C6145C /* Debug */ = {
			isa = XCBuildConfiguration;
			buildSettings = {
				ALWAYS_EMBED_SWIFT_STANDARD_LIBRARIES = YES;
				CODE_SIGN_STYLE = Automatic;
				CURRENT_PROJECT_VERSION = 1;
				GENERATE_INFOPLIST_FILE = YES;
				MARKETING_VERSION = 1.0;
				PRODUCT_BUNDLE_IDENTIFIER = edu.self.CodeInterpreterUITests;
				PRODUCT_NAME = "$(TARGET_NAME)";
				SWIFT_EMIT_LOC_STRINGS = NO;
				SWIFT_VERSION = 5.0;
				TARGETED_DEVICE_FAMILY = "1,2";
				TEST_TARGET_NAME = CodeInterpreter;
			};
			name = Debug;
		};
		7F54288A2A01871C00C6145C /* Release */ = {
			isa = XCBuildConfiguration;
			buildSettings = {
				ALWAYS_EMBED_SWIFT_STANDARD_LIBRARIES = YES;
				CODE_SIGN_STYLE = Automatic;
				CURRENT_PROJECT_VERSION = 1;
				GENERATE_INFOPLIST_FILE = YES;
				MARKETING_VERSION = 1.0;
				PRODUCT_BUNDLE_IDENTIFIER = edu.self.CodeInterpreterUITests;
				PRODUCT_NAME = "$(TARGET_NAME)";
				SWIFT_EMIT_LOC_STRINGS = NO;
				SWIFT_VERSION = 5.0;
				TARGETED_DEVICE_FAMILY = "1,2";
				TEST_TARGET_NAME = CodeInterpreter;
			};
			name = Release;
		};
/* End XCBuildConfiguration section */

/* Begin XCConfigurationList section */
		7F5428592A01871900C6145C /* Build configuration list for PBXProject "CodeInterpreter" */ = {
			isa = XCConfigurationList;
			buildConfigurations = (
				7F5428802A01871C00C6145C /* Debug */,
				7F5428812A01871C00C6145C /* Release */,
			);
			defaultConfigurationIsVisible = 0;
			defaultConfigurationName = Release;
		};
		7F5428822A01871C00C6145C /* Build configuration list for PBXNativeTarget "CodeInterpreter" */ = {
			isa = XCConfigurationList;
			buildConfigurations = (
				7F5428832A01871C00C6145C /* Debug */,
				7F5428842A01871C00C6145C /* Release */,
			);
			defaultConfigurationIsVisible = 0;
			defaultConfigurationName = Release;
		};
		7F5428852A01871C00C6145C /* Build configuration list for PBXNativeTarget "CodeInterpreterTests" */ = {
			isa = XCConfigurationList;
			buildConfigurations = (
				7F5428862A01871C00C6145C /* Debug */,
				7F5428872A01871C00C6145C /* Release */,
			);
			defaultConfigurationIsVisible = 0;
			defaultConfigurationName = Release;
		};
		7F5428882A01871C00C6145C /* Build configuration list for PBXNativeTarget "CodeInterpreterUITests" */ = {
			isa = XCConfigurationList;
			buildConfigurations = (
				7F5428892A01871C00C6145C /* Debug */,
				7F54288A2A01871C00C6145C /* Release */,
			);
			defaultConfigurationIsVisible = 0;
			defaultConfigurationName = Release;
		};
/* End XCConfigurationList section */
	};
	rootObject = 7F5428562A01871900C6145C /* Project object */;
}
